// !$*UTF8*$!
{
	archiveVersion = 1;
	classes = {
	};
	objectVersion = 46;
	objects = {

/* Begin PBXBuildFile section */
		0077C56C1D6D5B7B001002C5 /* ViewControllerHelper.swift in Sources */ = {isa = PBXBuildFile; fileRef = 0077C56B1D6D5B7B001002C5 /* ViewControllerHelper.swift */; };
		00E9961B1D65372E00191AF8 /* AppDelegate.swift in Sources */ = {isa = PBXBuildFile; fileRef = 00E9961A1D65372E00191AF8 /* AppDelegate.swift */; };
		00E9961D1D65372E00191AF8 /* ViewController.swift in Sources */ = {isa = PBXBuildFile; fileRef = 00E9961C1D65372E00191AF8 /* ViewController.swift */; };
		00E996201D65372E00191AF8 /* Main.storyboard in Resources */ = {isa = PBXBuildFile; fileRef = 00E9961E1D65372E00191AF8 /* Main.storyboard */; };
		00E996221D65372E00191AF8 /* Assets.xcassets in Resources */ = {isa = PBXBuildFile; fileRef = 00E996211D65372E00191AF8 /* Assets.xcassets */; };
		00E996251D65372E00191AF8 /* LaunchScreen.storyboard in Resources */ = {isa = PBXBuildFile; fileRef = 00E996231D65372E00191AF8 /* LaunchScreen.storyboard */; };
		00E9962D1D653A5C00191AF8 /* PWHelpers.swift in Sources */ = {isa = PBXBuildFile; fileRef = 00E9962C1D653A5C00191AF8 /* PWHelpers.swift */; };
/* End PBXBuildFile section */

/* Begin PBXFileReference section */
		0077C56B1D6D5B7B001002C5 /* ViewControllerHelper.swift */ = {isa = PBXFileReference; fileEncoding = 4; lastKnownFileType = sourcecode.swift; path = ViewControllerHelper.swift; sourceTree = "<group>"; };
		00E996171D65372E00191AF8 /* PWEnumViews.app */ = {isa = PBXFileReference; explicitFileType = wrapper.application; includeInIndex = 0; path = PWEnumViews.app; sourceTree = BUILT_PRODUCTS_DIR; };
		00E9961A1D65372E00191AF8 /* AppDelegate.swift */ = {isa = PBXFileReference; lastKnownFileType = sourcecode.swift; path = AppDelegate.swift; sourceTree = "<group>"; };
		00E9961C1D65372E00191AF8 /* ViewController.swift */ = {isa = PBXFileReference; lastKnownFileType = sourcecode.swift; path = ViewController.swift; sourceTree = "<group>"; };
		00E9961F1D65372E00191AF8 /* Base */ = {isa = PBXFileReference; lastKnownFileType = file.storyboard; name = Base; path = Base.lproj/Main.storyboard; sourceTree = "<group>"; };
		00E996211D65372E00191AF8 /* Assets.xcassets */ = {isa = PBXFileReference; lastKnownFileType = folder.assetcatalog; path = Assets.xcassets; sourceTree = "<group>"; };
		00E996241D65372E00191AF8 /* Base */ = {isa = PBXFileReference; lastKnownFileType = file.storyboard; name = Base; path = Base.lproj/LaunchScreen.storyboard; sourceTree = "<group>"; };
		00E996261D65372E00191AF8 /* Info.plist */ = {isa = PBXFileReference; lastKnownFileType = text.plist.xml; path = Info.plist; sourceTree = "<group>"; };
		00E9962C1D653A5C00191AF8 /* PWHelpers.swift */ = {isa = PBXFileReference; fileEncoding = 4; lastKnownFileType = sourcecode.swift; path = PWHelpers.swift; sourceTree = "<group>"; };
/* End PBXFileReference section */

/* Begin PBXFrameworksBuildPhase section */
		00E996141D65372E00191AF8 /* Frameworks */ = {
			isa = PBXFrameworksBuildPhase;
			buildActionMask = 2147483647;
			files = (
			);
			runOnlyForDeploymentPostprocessing = 0;
		};
/* End PBXFrameworksBuildPhase section */

/* Begin PBXGroup section */
		00E9960E1D65372E00191AF8 = {
			isa = PBXGroup;
			children = (
				00E996191D65372E00191AF8 /* PWEnumViews */,
				00E996181D65372E00191AF8 /* Products */,
			);
			sourceTree = "<group>";
		};
		00E996181D65372E00191AF8 /* Products */ = {
			isa = PBXGroup;
			children = (
				00E996171D65372E00191AF8 /* PWEnumViews.app */,
			);
			name = Products;
			sourceTree = "<group>";
		};
		00E996191D65372E00191AF8 /* PWEnumViews */ = {
			isa = PBXGroup;
			children = (
				00E9961A1D65372E00191AF8 /* AppDelegate.swift */,
				00E9961C1D65372E00191AF8 /* ViewController.swift */,
				00E9962C1D653A5C00191AF8 /* PWHelpers.swift */,
				00E9961E1D65372E00191AF8 /* Main.storyboard */,
				00E996211D65372E00191AF8 /* Assets.xcassets */,
				00E996231D65372E00191AF8 /* LaunchScreen.storyboard */,
				00E996261D65372E00191AF8 /* Info.plist */,
				0077C56B1D6D5B7B001002C5 /* ViewControllerHelper.swift */,
			);
			path = PWEnumViews;
			sourceTree = "<group>";
		};
/* End PBXGroup section */

/* Begin PBXNativeTarget section */
		00E996161D65372E00191AF8 /* PWEnumViews */ = {
			isa = PBXNativeTarget;
			buildConfigurationList = 00E996291D65372E00191AF8 /* Build configuration list for PBXNativeTarget "PWEnumViews" */;
			buildPhases = (
				00E996131D65372E00191AF8 /* Sources */,
				00E996141D65372E00191AF8 /* Frameworks */,
				00E996151D65372E00191AF8 /* Resources */,
			);
			buildRules = (
			);
			dependencies = (
			);
			name = PWEnumViews;
			productName = PWEnumViews;
			productReference = 00E996171D65372E00191AF8 /* PWEnumViews.app */;
			productType = "com.apple.product-type.application";
		};
/* End PBXNativeTarget section */

/* Begin PBXProject section */
		00E9960F1D65372E00191AF8 /* Project object */ = {
			isa = PBXProject;
			attributes = {
				LastSwiftUpdateCheck = 0730;
				LastUpgradeCheck = 0730;
				ORGANIZATIONNAME = Gabemdev;
				TargetAttributes = {
					00E996161D65372E00191AF8 = {
						CreatedOnToolsVersion = 7.3.1;
					};
				};
			};
			buildConfigurationList = 00E996121D65372E00191AF8 /* Build configuration list for PBXProject "PWEnumViews" */;
			compatibilityVersion = "Xcode 3.2";
			developmentRegion = English;
			hasScannedForEncodings = 0;
			knownRegions = (
				en,
				Base,
			);
			mainGroup = 00E9960E1D65372E00191AF8;
			productRefGroup = 00E996181D65372E00191AF8 /* Products */;
			projectDirPath = "";
			projectRoot = "";
			targets = (
				00E996161D65372E00191AF8 /* PWEnumViews */,
			);
		};
/* End PBXProject section */

/* Begin PBXResourcesBuildPhase section */
		00E996151D65372E00191AF8 /* Resources */ = {
			isa = PBXResourcesBuildPhase;
			buildActionMask = 2147483647;
			files = (
				00E996251D65372E00191AF8 /* LaunchScreen.storyboard in Resources */,
				00E996221D65372E00191AF8 /* Assets.xcassets in Resources */,
				00E996201D65372E00191AF8 /* Main.storyboard in Resources */,
			);
			runOnlyForDeploymentPostprocessing = 0;
		};
/* End PBXResourcesBuildPhase section */

/* Begin PBXSourcesBuildPhase section */
		00E996131D65372E00191AF8 /* Sources */ = {
			isa = PBXSourcesBuildPhase;
			buildActionMask = 2147483647;
			files = (
				0077C56C1D6D5B7B001002C5 /* ViewControllerHelper.swift in Sources */,
				00E9961D1D65372E00191AF8 /* ViewController.swift in Sources */,
				00E9961B1D65372E00191AF8 /* AppDelegate.swift in Sources */,
				00E9962D1D653A5C00191AF8 /* PWHelpers.swift in Sources */,
			);
			runOnlyForDeploymentPostprocessing = 0;
		};
/* End PBXSourcesBuildPhase section */

/* Begin PBXVariantGroup section */
		00E9961E1D65372E00191AF8 /* Main.storyboard */ = {
			isa = PBXVariantGroup;
			children = (
				00E9961F1D65372E00191AF8 /* Base */,
			);
			name = Main.storyboard;
			sourceTree = "<group>";
		};
		00E996231D65372E00191AF8 /* LaunchScreen.storyboard */ = {
			isa = PBXVariantGroup;
			children = (
				00E996241D65372E00191AF8 /* Base */,
			);
			name = LaunchScreen.storyboard;
			sourceTree = "<group>";
		};
/* End PBXVariantGroup section */

/* Begin XCBuildConfiguration section */
		00E996271D65372E00191AF8 /* Debug */ = {
			isa = XCBuildConfiguration;
			buildSettings = {
				ALWAYS_SEARCH_USER_PATHS = NO;
				CLANG_ANALYZER_NONNULL = YES;
				CLANG_CXX_LANGUAGE_STANDARD = "gnu++0x";
				CLANG_CXX_LIBRARY = "libc++";
				CLANG_ENABLE_MODULES = YES;
				CLANG_ENABLE_OBJC_ARC = YES;
				CLANG_WARN_BOOL_CONVERSION = YES;
				CLANG_WARN_CONSTANT_CONVERSION = YES;
				CLANG_WARN_DIRECT_OBJC_ISA_USAGE = YES_ERROR;
				CLANG_WARN_EMPTY_BODY = YES;
				CLANG_WARN_ENUM_CONVERSION = YES;
				CLANG_WARN_INT_CONVERSION = YES;
				CLANG_WARN_OBJC_ROOT_CLASS = YES_ERROR;
				CLANG_WARN_UNREACHABLE_CODE = YES;
				CLANG_WARN__DUPLICATE_METHOD_MATCH = YES;
				"CODE_SIGN_IDENTITY[sdk=iphoneos*]" = "iPhone Developer";
				COPY_PHASE_STRIP = NO;
				DEBUG_INFORMATION_FORMAT = dwarf;
				ENABLE_STRICT_OBJC_MSGSEND = YES;
				ENABLE_TESTABILITY = YES;
				GCC_C_LANGUAGE_STANDARD = gnu99;
				GCC_DYNAMIC_NO_PIC = NO;
				GCC_NO_COMMON_BLOCKS = YES;
				GCC_OPTIMIZATION_LEVEL = 0;
				GCC_PREPROCESSOR_DEFINITIONS = (
					"DEBUG=1",
					"$(inherited)",
				);
				GCC_WARN_64_TO_32_BIT_CONVERSION = YES;
				GCC_WARN_ABOUT_RETURN_TYPE = YES_ERROR;
				GCC_WARN_UNDECLARED_SELECTOR = YES;
				GCC_WARN_UNINITIALIZED_AUTOS = YES_AGGRESSIVE;
				GCC_WARN_UNUSED_FUNCTION = YES;
				GCC_WARN_UNUSED_VARIABLE = YES;
				IPHONEOS_DEPLOYMENT_TARGET = 9.3;
				MTL_ENABLE_DEBUG_INFO = YES;
				ONLY_ACTIVE_ARCH = YES;
				SDKROOT = iphoneos;
				SWIFT_OPTIMIZATION_LEVEL = "-Onone";
			};
			name = Debug;
		};
		00E996281D65372E00191AF8 /* Release */ = {
			isa = XCBuildConfiguration;
			buildSettings = {
				ALWAYS_SEARCH_USER_PATHS = NO;
				CLANG_ANALYZER_NONNULL = YES;
				CLANG_CXX_LANGUAGE_STANDARD = "gnu++0x";
				CLANG_CXX_LIBRARY = "libc++";
				CLANG_ENABLE_MODULES = YES;
				CLANG_ENABLE_OBJC_ARC = YES;
				CLANG_WARN_BOOL_CONVERSION = YES;
				CLANG_WARN_CONSTANT_CONVERSION = YES;
				CLANG_WARN_DIRECT_OBJC_ISA_USAGE = YES_ERROR;
				CLANG_WARN_EMPTY_BODY = YES;
				CLANG_WARN_ENUM_CONVERSION = YES;
				CLANG_WARN_INT_CONVERSION = YES;
				CLANG_WARN_OBJC_ROOT_CLASS = YES_ERROR;
				CLANG_WARN_UNREACHABLE_CODE = YES;
				CLANG_WARN__DUPLICATE_METHOD_MATCH = YES;
				"CODE_SIGN_IDENTITY[sdk=iphoneos*]" = "iPhone Developer";
				COPY_PHASE_STRIP = NO;
				DEBUG_INFORMATION_FORMAT = "dwarf-with-dsym";
				ENABLE_NS_ASSERTIONS = NO;
				ENABLE_STRICT_OBJC_MSGSEND = YES;
				GCC_C_LANGUAGE_STANDARD = gnu99;
				GCC_NO_COMMON_BLOCKS = YES;
				GCC_WARN_64_TO_32_BIT_CONVERSION = YES;
				GCC_WARN_ABOUT_RETURN_TYPE = YES_ERROR;
				GCC_WARN_UNDECLARED_SELECTOR = YES;
				GCC_WARN_UNINITIALIZED_AUTOS = YES_AGGRESSIVE;
				GCC_WARN_UNUSED_FUNCTION = YES;
				GCC_WARN_UNUSED_VARIABLE = YES;
				IPHONEOS_DEPLOYMENT_TARGET = 9.3;
				MTL_ENABLE_DEBUG_INFO = NO;
				SDKROOT = iphoneos;
				VALIDATE_PRODUCT = YES;
			};
			name = Release;
		};
		00E9962A1D65372E00191AF8 /* Debug */ = {
			isa = XCBuildConfiguration;
			buildSettings = {
				ASSETCATALOG_COMPILER_APPICON_NAME = AppIcon;
				INFOPLIST_FILE = PWEnumViews/Info.plist;
				LD_RUNPATH_SEARCH_PATHS = "$(inherited) @executable_path/Frameworks";
				PRODUCT_BUNDLE_IDENTIFIER = com.gabemdev.PWEnumViews;
				PRODUCT_NAME = "$(TARGET_NAME)";
			};
			name = Debug;
		};
		00E9962B1D65372E00191AF8 /* Release */ = {
			isa = XCBuildConfiguration;
			buildSettings = {
				ASSETCATALOG_COMPILER_APPICON_NAME = AppIcon;
				INFOPLIST_FILE = PWEnumViews/Info.plist;
				LD_RUNPATH_SEARCH_PATHS = "$(inherited) @executable_path/Frameworks";
				PRODUCT_BUNDLE_IDENTIFIER = com.gabemdev.PWEnumViews;
				PRODUCT_NAME = "$(TARGET_NAME)";
			};
			name = Release;
		};
/* End XCBuildConfiguration section */

/* Begin XCConfigurationList section */
		00E996121D65372E00191AF8 /* Build configuration list for PBXProject "PWEnumViews" */ = {
			isa = XCConfigurationList;
			buildConfigurations = (
				00E996271D65372E00191AF8 /* Debug */,
				00E996281D65372E00191AF8 /* Release */,
			);
			defaultConfigurationIsVisible = 0;
			defaultConfigurationName = Release;
		};
		00E996291D65372E00191AF8 /* Build configuration list for PBXNativeTarget "PWEnumViews" */ = {
			isa = XCConfigurationList;
			buildConfigurations = (
				00E9962A1D65372E00191AF8 /* Debug */,
				00E9962B1D65372E00191AF8 /* Release */,
			);
			defaultConfigurationIsVisible = 0;
			defaultConfigurationName = Release;
		};
/* End XCConfigurationList section */
	};
	rootObject = 00E9960F1D65372E00191AF8 /* Project object */;
}
